<?xml version="1.0" encoding="utf-8"?>
<Project ToolsVersion="4.0" xmlns="http://schemas.microsoft.com/developer/msbuild/2003">
  <ItemGroup>
    <ClInclude Include="Global.h" />
    <ClInclude Include="Game\Game.h">
      <Filter>Game</Filter>
    </ClInclude>
    <ClInclude Include="Game\Field.h">
      <Filter>Game</Filter>
    </ClInclude>
    <ClInclude Include="Game\Title.h">
      <Filter>Game</Filter>
    </ClInclude>
    <ClInclude Include="Game\Camera.h">
      <Filter>Game</Filter>
    </ClInclude>
    <ClInclude Include="Game\Effect.h">
      <Filter>Game</Filter>
    </ClInclude>
    <ClInclude Include="Game\RouteNode.h">
      <Filter>Game</Filter>
    </ClInclude>
    <ClInclude Include="Game\RouteNodeManager.h">
      <Filter>Game</Filter>
    </ClInclude>
    <ClInclude Include="Game\SkyBox.h">
      <Filter>Game</Filter>
    </ClInclude>
    <ClInclude Include="Game\Resource.h">
      <Filter>Game</Filter>
    </ClInclude>
    <ClInclude Include="Game\Castle.h">
      <Filter>Game</Filter>
    </ClInclude>
    <ClInclude Include="Game\HPBar.h">
      <Filter>Game</Filter>
    </ClInclude>
    <ClInclude Include="Base\Task.h">
      <Filter>Base</Filter>
    </ClInclude>
    <ClInclude Include="Base\TaskManager.h">
      <Filter>Base</Filter>
    </ClInclude>
    <ClInclude Include="Base\ObjectBase.h">
      <Filter>Base</Filter>
    </ClInclude>
    <ClInclude Include="Base\CharaBase.h">
      <Filter>Base</Filter>
    </ClInclude>
    <ClInclude Include="Effekseer\EffekseerEffect.h">
      <Filter>Effekseer</Filter>
    </ClInclude>
    <ClInclude Include="Effekseer\EffekseerManager.h">
      <Filter>Effekseer</Filter>
    </ClInclude>
    <ClInclude Include="Game\BuffDebuff.h">
      <Filter>Game</Filter>
    </ClInclude>
    <ClInclude Include="Base\EnemyBase.h">
      <Filter>Base</Filter>
    </ClInclude>
    <ClInclude Include="Base\TowerBase.h">
      <Filter>Base</Filter>
    </ClInclude>
    <ClInclude Include="Game\PhysicsTower.h">
      <Filter>Game\Tower</Filter>
    </ClInclude>
    <ClInclude Include="Game\Goblin.h">
      <Filter>Game\Enemy</Filter>
    </ClInclude>
    <ClInclude Include="Game\Mutant.h">
      <Filter>Game\Enemy</Filter>
    </ClInclude>
    <ClInclude Include="Game\Vampire.h">
      <Filter>Game\Enemy</Filter>
    </ClInclude>
    <ClInclude Include="Base\State.h">
      <Filter>Base\State</Filter>
    </ClInclude>
    <ClInclude Include="Game\Tower_Arrow.h">
      <Filter>Game\Tower</Filter>
    </ClInclude>
    <ClInclude Include="Game\Tower_Cannon.h">
      <Filter>Game\Tower</Filter>
    </ClInclude>
    <ClInclude Include="imgui\imconfig.h">
      <Filter>imgui</Filter>
    </ClInclude>
    <ClInclude Include="imgui\imgui.h">
      <Filter>imgui</Filter>
    </ClInclude>
    <ClInclude Include="imgui\imgui_impl_glfw.h">
      <Filter>imgui</Filter>
    </ClInclude>
    <ClInclude Include="imgui\imgui_impl_opengl2.h">
      <Filter>imgui</Filter>
    </ClInclude>
    <ClInclude Include="imgui\imgui_internal.h">
      <Filter>imgui</Filter>
    </ClInclude>
    <ClInclude Include="imgui\imgui_ja_gryph_ranges.h">
      <Filter>imgui</Filter>
    </ClInclude>
    <ClInclude Include="imgui\imstb_rectpack.h">
      <Filter>imgui</Filter>
    </ClInclude>
    <ClInclude Include="imgui\imstb_textedit.h">
      <Filter>imgui</Filter>
    </ClInclude>
    <ClInclude Include="imgui\imstb_truetype.h">
      <Filter>imgui</Filter>
    </ClInclude>
    <ClInclude Include="Game\EnemyAttack.h">
      <Filter>Game\Enemy</Filter>
    </ClInclude>
    <ClInclude Include="Game\EnemyManager.h">
      <Filter>Game\Enemy</Filter>
    </ClInclude>
    <ClInclude Include="Game\Player.h">
      <Filter>Game\Player</Filter>
    </ClInclude>
    <ClInclude Include="Game\Player_shield.h">
      <Filter>Game\Player</Filter>
    </ClInclude>
    <ClInclude Include="Game\Player_sword.h">
      <Filter>Game\Player</Filter>
    </ClInclude>
    <ClInclude Include="Game\ElementTowerAttack.h">
      <Filter>Game\Tower</Filter>
    </ClInclude>
    <ClInclude Include="Game\ElementTower.h">
      <Filter>Game\Tower</Filter>
    </ClInclude>
    <ClInclude Include="Game\Player_TD.h">
      <Filter>Game\Player</Filter>
    </ClInclude>
    <ClInclude Include="Game\Player_ACT.h">
      <Filter>Game\Player</Filter>
    </ClInclude>
    <ClInclude Include="Game\CharaStatus.h">
      <Filter>Game</Filter>
    </ClInclude>
    <ClInclude Include="Game\TowerAttack.h">
      <Filter>Game\Tower</Filter>
    </ClInclude>
    <ClInclude Include="Game\PlayerPushAttack.h">
      <Filter>Game\Player</Filter>
    </ClInclude>
    <ClInclude Include="Game\BuildMenu_UI.h">
      <Filter>Game\UI</Filter>
    </ClInclude>
    <ClInclude Include="Game\UI.h">
      <Filter>Game\UI</Filter>
    </ClInclude>
    <ClInclude Include="Game\UIFrame.h">
      <Filter>Game\UI</Filter>
    </ClInclude>
    <ClInclude Include="Game\Pause_UI.h">
      <Filter>Game\UI</Filter>
    </ClInclude>
    <ClInclude Include="Game\BeastMan_Wolf.h">
      <Filter>Game\Enemy</Filter>
    </ClInclude>
    <ClInclude Include="Game\AttackZone.h">
      <Filter>Game</Filter>
    </ClInclude>
    <ClInclude Include="Game\Fade.h">
      <Filter>Game</Filter>
    </ClInclude>
    <ClInclude Include="Game\Menu.h">
      <Filter>Game</Filter>
    </ClInclude>
    <ClInclude Include="Game\Tutorial.h">
      <Filter>Game</Filter>
    </ClInclude>
    <ClInclude Include="Game\Cursor.h">
      <Filter>Game\UI</Filter>
    </ClInclude>
    <ClInclude Include="Game\Sea.h">
      <Filter>Game</Filter>
    </ClInclude>
    <ClInclude Include="Game\PlayerMode.h">
      <Filter>Game\Player</Filter>
    </ClInclude>
    <ClInclude Include="Game\Select.h">
      <Filter>Game</Filter>
    </ClInclude>
  </ItemGroup>
  <ItemGroup>
    <ClCompile Include="main.cpp" />
    <ClCompile Include="Game\Game.cpp">
      <Filter>Game</Filter>
    </ClCompile>
    <ClCompile Include="Game\Field.cpp">
      <Filter>Game</Filter>
    </ClCompile>
    <ClCompile Include="Game\Title.cpp">
      <Filter>Game</Filter>
    </ClCompile>
    <ClCompile Include="Game\Camera.cpp">
      <Filter>Game</Filter>
    </ClCompile>
    <ClCompile Include="Game\Effect.cpp">
      <Filter>Game</Filter>
    </ClCompile>
    <ClCompile Include="Game\RouteNode.cpp">
      <Filter>Game</Filter>
    </ClCompile>
    <ClCompile Include="Game\RouteNodeManager.cpp">
      <Filter>Game</Filter>
    </ClCompile>
    <ClCompile Include="Game\SkyBox.cpp">
      <Filter>Game</Filter>
    </ClCompile>
    <ClCompile Include="Game\Resource.cpp">
      <Filter>Game</Filter>
    </ClCompile>
    <ClCompile Include="Game\Castle.cpp">
      <Filter>Game</Filter>
    </ClCompile>
    <ClCompile Include="Game\HPBar.cpp">
      <Filter>Game</Filter>
    </ClCompile>
    <ClCompile Include="Base\Task.cpp">
      <Filter>Base</Filter>
    </ClCompile>
    <ClCompile Include="Base\TaskManager.cpp">
      <Filter>Base</Filter>
    </ClCompile>
    <ClCompile Include="Base\ObjectBase.cpp">
      <Filter>Base</Filter>
    </ClCompile>
    <ClCompile Include="Base\CharaBase.cpp">
      <Filter>Base</Filter>
    </ClCompile>
    <ClCompile Include="Effekseer\EffekseerEffect.cpp">
      <Filter>Effekseer</Filter>
    </ClCompile>
    <ClCompile Include="Effekseer\EffekseerManager.cpp">
      <Filter>Effekseer</Filter>
    </ClCompile>
    <ClCompile Include="Game\BuffDebuff.cpp">
      <Filter>Game</Filter>
    </ClCompile>
    <ClCompile Include="Base\EnemyBase.cpp">
      <Filter>Base</Filter>
    </ClCompile>
    <ClCompile Include="Base\TowerBase.cpp">
      <Filter>Base</Filter>
    </ClCompile>
    <ClCompile Include="Game\PhysicsTower.cpp">
      <Filter>Game\Tower</Filter>
    </ClCompile>
    <ClCompile Include="Game\ElementTower.cpp">
      <Filter>Game\Tower</Filter>
    </ClCompile>
    <ClCompile Include="Game\Goblin.cpp">
      <Filter>Game\Enemy</Filter>
    </ClCompile>
    <ClCompile Include="Game\Mutant.cpp">
      <Filter>Game\Enemy</Filter>
    </ClCompile>
    <ClCompile Include="Game\Vampire.cpp">
      <Filter>Game\Enemy</Filter>
    </ClCompile>
    <ClCompile Include="Base\EnemyState_Attack.cpp">
      <Filter>Base\State</Filter>
    </ClCompile>
    <ClCompile Include="Base\EnemyState_Idle.cpp">
      <Filter>Base\State</Filter>
    </ClCompile>
    <ClCompile Include="Base\EnemyState_Walk.cpp">
      <Filter>Base\State</Filter>
    </ClCompile>
    <ClCompile Include="Base\EnemyState_Die.cpp">
      <Filter>Base\State</Filter>
    </ClCompile>
    <ClCompile Include="Base\MutantState_Special.cpp">
      <Filter>Base\State</Filter>
    </ClCompile>
    <ClCompile Include="Base\VampireState_Special.cpp">
      <Filter>Base\State</Filter>
    </ClCompile>
    <ClCompile Include="Game\Tower_Arrow.cpp">
      <Filter>Game\Tower</Filter>
    </ClCompile>
    <ClCompile Include="Game\Tower_Cannon.cpp">
      <Filter>Game\Tower</Filter>
    </ClCompile>
    <ClCompile Include="imgui\imgui.cpp">
      <Filter>imgui</Filter>
    </ClCompile>
    <ClCompile Include="imgui\imgui_demo.cpp">
      <Filter>imgui</Filter>
    </ClCompile>
    <ClCompile Include="imgui\imgui_draw.cpp">
      <Filter>imgui</Filter>
    </ClCompile>
    <ClCompile Include="imgui\imgui_impl_glfw.cpp">
      <Filter>imgui</Filter>
    </ClCompile>
    <ClCompile Include="imgui\imgui_impl_opengl2.cpp">
      <Filter>imgui</Filter>
    </ClCompile>
    <ClCompile Include="imgui\imgui_ja_gryph_ranges.cpp">
      <Filter>imgui</Filter>
    </ClCompile>
    <ClCompile Include="imgui\imgui_widgets.cpp">
      <Filter>imgui</Filter>
    </ClCompile>
    <ClCompile Include="Game\EnemyAttack.cpp">
      <Filter>Game\Enemy</Filter>
    </ClCompile>
    <ClCompile Include="Game\EnemyManager.cpp">
      <Filter>Game\Enemy</Filter>
    </ClCompile>
    <ClCompile Include="Game\Player_shield.cpp">
      <Filter>Game\Player</Filter>
    </ClCompile>
    <ClCompile Include="Game\Player_sword.cpp">
      <Filter>Game\Player</Filter>
    </ClCompile>
    <ClCompile Include="Game\ElementTowerAttack.cpp">
      <Filter>Game\Tower</Filter>
    </ClCompile>
    <ClCompile Include="Game\Player_TD.cpp">
      <Filter>Game\Player</Filter>
    </ClCompile>
    <ClCompile Include="Game\Player_ACT.cpp">
      <Filter>Game\Player</Filter>
    </ClCompile>
    <ClCompile Include="Game\CharaStatus.cpp">
      <Filter>Game</Filter>
    </ClCompile>
    <ClCompile Include="Game\TowerAttack.cpp">
      <Filter>Game\Tower</Filter>
    </ClCompile>
    <ClCompile Include="Game\PlayerPushAttack.cpp">
      <Filter>Game\Player</Filter>
    </ClCompile>
    <ClCompile Include="Base\EnemyState_Hit.cpp">
      <Filter>Base\State</Filter>
    </ClCompile>
    <ClCompile Include="Game\BuildMenu_UI.cpp">
      <Filter>Game\UI</Filter>
    </ClCompile>
    <ClCompile Include="Game\UI.cpp">
      <Filter>Game\UI</Filter>
    </ClCompile>
    <ClCompile Include="Game\UIFrame.cpp">
      <Filter>Game\UI</Filter>
    </ClCompile>
    <ClCompile Include="Game\Pause_UI.cpp">
      <Filter>Game\UI</Filter>
    </ClCompile>
    <ClCompile Include="Base\TowerState_BuildBefore.cpp">
      <Filter>Base\State</Filter>
    </ClCompile>
    <ClCompile Include="Base\TowerState_BuildAfter.cpp">
      <Filter>Base\State</Filter>
    </ClCompile>
    <ClCompile Include="Base\TowerState_Broken.cpp">
      <Filter>Base\State</Filter>
    </ClCompile>
    <ClCompile Include="Base\PhysicsState_BuidlBefore.cpp">
      <Filter>Base\State</Filter>
    </ClCompile>
    <ClCompile Include="Base\PhysicsState_BuidlAfter.cpp">
      <Filter>Base\State</Filter>
    </ClCompile>
    <ClCompile Include="Base\PhysicsState_Broken.cpp">
      <Filter>Base\State</Filter>
    </ClCompile>
    <ClCompile Include="Base\ElementState_Broken.cpp">
      <Filter>Base\State</Filter>
    </ClCompile>
    <ClCompile Include="Game\BeastMan_Wolf.cpp">
      <Filter>Game\Enemy</Filter>
    </ClCompile>
    <ClCompile Include="Base\BeastMan_WolfState_Walk.cpp">
      <Filter>Base\State</Filter>
    </ClCompile>
    <ClCompile Include="Game\AttackZone.cpp">
      <Filter>Game</Filter>
    </ClCompile>
    <ClCompile Include="Game\Fade.cpp">
      <Filter>Game</Filter>
    </ClCompile>
    <ClCompile Include="Game\Menu.cpp">
      <Filter>Game</Filter>
    </ClCompile>
    <ClCompile Include="Game\Tutorial.cpp">
      <Filter>Game</Filter>
    </ClCompile>
    <ClCompile Include="Game\Cursor.cpp">
      <Filter>Game\UI</Filter>
    </ClCompile>
    <ClCompile Include="Game\Sea.cpp">
      <Filter>Game</Filter>
    </ClCompile>
    <ClCompile Include="Base\Player_TDState_Idle.cpp">
      <Filter>Base\State</Filter>
    </ClCompile>
    <ClCompile Include="Base\Player_TDState_Build.cpp">
      <Filter>Base\State</Filter>
    </ClCompile>
    <ClCompile Include="Base\Player_ACTState_Idle.cpp">
      <Filter>Base\State</Filter>
    </ClCompile>
    <ClCompile Include="Base\Player_ACTState_Walk.cpp">
      <Filter>Base\State</Filter>
    </ClCompile>
    <ClCompile Include="Base\Player_ACTState_Dash.cpp">
      <Filter>Base\State</Filter>
    </ClCompile>
    <ClCompile Include="Base\Player_ACTState_Attack.cpp">
      <Filter>Base\State</Filter>
    </ClCompile>
    <ClCompile Include="Base\Player_ACTState_Buff.cpp">
      <Filter>Base\State</Filter>
    </ClCompile>
    <ClCompile Include="Game\Player.cpp">
      <Filter>Game\Player</Filter>
    </ClCompile>
    <ClCompile Include="Game\Select.cpp">
      <Filter>Game</Filter>
    </ClCompile>
  </ItemGroup>
  <ItemGroup>
    <Filter Include="Base">
      <UniqueIdentifier>{c82e17db-4a05-41de-9102-e75c7954fa95}</UniqueIdentifier>
    </Filter>
    <Filter Include="Game">
      <UniqueIdentifier>{f4c4c059-de33-4c55-a023-6849d99b8dec}</UniqueIdentifier>
    </Filter>
    <Filter Include="Effekseer">
      <UniqueIdentifier>{8a5a5243-00b9-4da5-8dc4-2ef24609c7c6}</UniqueIdentifier>
    </Filter>
    <Filter Include="Game\Enemy">
      <UniqueIdentifier>{18f732fc-0342-457f-9b9f-766708cfda51}</UniqueIdentifier>
    </Filter>
    <Filter Include="Game\Tower">
      <UniqueIdentifier>{39b83a10-5764-473c-9621-b064bba9abb0}</UniqueIdentifier>
    </Filter>
    <Filter Include="imgui">
      <UniqueIdentifier>{f11448a0-1d47-4712-ab52-93b909cf0a96}</UniqueIdentifier>
    </Filter>
    <Filter Include="Game\Player">
      <UniqueIdentifier>{12f5a165-2a31-439f-a862-4555cc18a989}</UniqueIdentifier>
    </Filter>
    <Filter Include="Game\UI">
      <UniqueIdentifier>{9fe08700-1215-48aa-ab04-bdb4f3f485d2}</UniqueIdentifier>
    </Filter>
    <Filter Include="Base\State">
      <UniqueIdentifier>{441edb71-e482-4e6d-ae02-99402d6a862b}</UniqueIdentifier>
    </Filter>
  </ItemGroup>
</Project>